
Microsoft Visual Studio Solution File, Format Version 12.00
Project("{FAE04EC0-301F-11D3-BF4B-00C04F79EFBC}") = "pirson", "pirson\pirson.csproj", "{BC81E6BC-8C4E-4C1D-A4F6-E0D261795662}"
EndProject
Global
	GlobalSection(SolutionConfigurationPlatforms) = preSolution
		Debug|Any CPU = Debug|Any CPU
		Release|Any CPU = Release|Any CPU
	EndGlobalSection
	GlobalSection(ProjectConfigurationPlatforms) = postSolution
		{BC81E6BC-8C4E-4C1D-A4F6-E0D261795662}.Debug|Any CPU.ActiveCfg = Debug|Any CPU
		{BC81E6BC-8C4E-4C1D-A4F6-E0D261795662}.Debug|Any CPU.Build.0 = Debug|Any CPU
		{BC81E6BC-8C4E-4C1D-A4F6-E0D261795662}.Release|Any CPU.ActiveCfg = Release|Any CPU
		{BC81E6BC-8C4E-4C1D-A4F6-E0D261795662}.Release|Any CPU.Build.0 = Release|Any CPU
	EndGlobalSection
EndGlobal
